
Microsoft Visual Studio Solution File, Format Version 10.00
# Visual Studio 2008
Project("{FAE04EC0-301F-11D3-BF4B-00C04F79EFBC}") = "TuVanChonNganh", "TuVanChonNganh\TuVanChonNganh.csproj", "{C1FFAD0E-FD4E-485A-8E84-35E083CF3E4F}"
EndProject
Project("{D2ABAB84-BF74-430A-B69E-9DC6D40DDA17}") = "NewTuyenSinh", "NewTuyenSinh\NewTuyenSinh.dwproj", "{DABD46ED-47B4-4CD8-9393-56EFD831D5B5}"
EndProject
Global
	GlobalSection(SolutionConfigurationPlatforms) = preSolution
		Debug|Any CPU = Debug|Any CPU
		Development|Any CPU = Development|Any CPU
		Release|Any CPU = Release|Any CPU
	EndGlobalSection
	GlobalSection(ProjectConfigurationPlatforms) = postSolution
		{C1FFAD0E-FD4E-485A-8E84-35E083CF3E4F}.Debug|Any CPU.ActiveCfg = Debug|Any CPU
		{C1FFAD0E-FD4E-485A-8E84-35E083CF3E4F}.Debug|Any CPU.Build.0 = Debug|Any CPU
		{C1FFAD0E-FD4E-485A-8E84-35E083CF3E4F}.Development|Any CPU.ActiveCfg = Debug|Any CPU
		{C1FFAD0E-FD4E-485A-8E84-35E083CF3E4F}.Development|Any CPU.Build.0 = Debug|Any CPU
		{C1FFAD0E-FD4E-485A-8E84-35E083CF3E4F}.Release|Any CPU.ActiveCfg = Release|Any CPU
		{C1FFAD0E-FD4E-485A-8E84-35E083CF3E4F}.Release|Any CPU.Build.0 = Release|Any CPU
		{DABD46ED-47B4-4CD8-9393-56EFD831D5B5}.Debug|Any CPU.ActiveCfg = Development
		{DABD46ED-47B4-4CD8-9393-56EFD831D5B5}.Debug|Any CPU.Build.0 = Development
		{DABD46ED-47B4-4CD8-9393-56EFD831D5B5}.Debug|Any CPU.Deploy.0 = Development
		{DABD46ED-47B4-4CD8-9393-56EFD831D5B5}.Development|Any CPU.ActiveCfg = Development
		{DABD46ED-47B4-4CD8-9393-56EFD831D5B5}.Development|Any CPU.Build.0 = Development
		{DABD46ED-47B4-4CD8-9393-56EFD831D5B5}.Development|Any CPU.Deploy.0 = Development
		{DABD46ED-47B4-4CD8-9393-56EFD831D5B5}.Release|Any CPU.ActiveCfg = Development
		{DABD46ED-47B4-4CD8-9393-56EFD831D5B5}.Release|Any CPU.Build.0 = Development
		{DABD46ED-47B4-4CD8-9393-56EFD831D5B5}.Release|Any CPU.Deploy.0 = Development
	EndGlobalSection
	GlobalSection(SolutionProperties) = preSolution
		HideSolutionNode = FALSE
	EndGlobalSection
EndGlobal
